
Microsoft Visual Studio Solution File, Format Version 12.00
# Visual Studio 15
VisualStudioVersion = 15.0.27703.2042
MinimumVisualStudioVersion = 10.0.40219.1
Project("{9A19103F-16F7-4668-BE54-9A1E7A4F7556}") = "ERP.Web", "ERP.Web\ERP.Web.csproj", "{39F047C2-57FF-496F-B0A9-D7761D3DC3C5}"
EndProject
Project("{9A19103F-16F7-4668-BE54-9A1E7A4F7556}") = "ERP.Data", "ERP.Data\ERP.Data.csproj", "{E8B19061-1B51-4CAE-AB17-6BB4E0E8E65A}"
EndProject
Project("{9A19103F-16F7-4668-BE54-9A1E7A4F7556}") = "ERP.Models", "ERP.Models\ERP.Models.csproj", "{9D5CB13E-12D7-4F1D-905A-E437301003FD}"
EndProject
Project("{FAE04EC0-301F-11D3-BF4B-00C04F79EFBC}") = "Dtos", "Dtos\Dtos.csproj", "{BC554190-EFCB-4538-88CE-C43AE3615357}"
EndProject
Project("{FAE04EC0-301F-11D3-BF4B-00C04F79EFBC}") = "Common", "Common\Common.csproj", "{DFE5F73F-0556-489A-8895-2FE347CE13B9}"
EndProject
Global
	GlobalSection(SolutionConfigurationPlatforms) = preSolution
		Debug|Any CPU = Debug|Any CPU
		Release|Any CPU = Release|Any CPU
	EndGlobalSection
	GlobalSection(ProjectConfigurationPlatforms) = postSolution
		{39F047C2-57FF-496F-B0A9-D7761D3DC3C5}.Debug|Any CPU.ActiveCfg = Debug|Any CPU
		{39F047C2-57FF-496F-B0A9-D7761D3DC3C5}.Debug|Any CPU.Build.0 = Debug|Any CPU
		{39F047C2-57FF-496F-B0A9-D7761D3DC3C5}.Release|Any CPU.ActiveCfg = Release|Any CPU
		{39F047C2-57FF-496F-B0A9-D7761D3DC3C5}.Release|Any CPU.Build.0 = Release|Any CPU
		{E8B19061-1B51-4CAE-AB17-6BB4E0E8E65A}.Debug|Any CPU.ActiveCfg = Debug|Any CPU
		{E8B19061-1B51-4CAE-AB17-6BB4E0E8E65A}.Debug|Any CPU.Build.0 = Debug|Any CPU
		{E8B19061-1B51-4CAE-AB17-6BB4E0E8E65A}.Release|Any CPU.ActiveCfg = Release|Any CPU
		{E8B19061-1B51-4CAE-AB17-6BB4E0E8E65A}.Release|Any CPU.Build.0 = Release|Any CPU
		{9D5CB13E-12D7-4F1D-905A-E437301003FD}.Debug|Any CPU.ActiveCfg = Debug|Any CPU
		{9D5CB13E-12D7-4F1D-905A-E437301003FD}.Debug|Any CPU.Build.0 = Debug|Any CPU
		{9D5CB13E-12D7-4F1D-905A-E437301003FD}.Release|Any CPU.ActiveCfg = Release|Any CPU
		{9D5CB13E-12D7-4F1D-905A-E437301003FD}.Release|Any CPU.Build.0 = Release|Any CPU
		{BC554190-EFCB-4538-88CE-C43AE3615357}.Debug|Any CPU.ActiveCfg = Debug|Any CPU
		{BC554190-EFCB-4538-88CE-C43AE3615357}.Debug|Any CPU.Build.0 = Debug|Any CPU
		{BC554190-EFCB-4538-88CE-C43AE3615357}.Release|Any CPU.ActiveCfg = Release|Any CPU
		{BC554190-EFCB-4538-88CE-C43AE3615357}.Release|Any CPU.Build.0 = Release|Any CPU
		{DFE5F73F-0556-489A-8895-2FE347CE13B9}.Debug|Any CPU.ActiveCfg = Debug|Any CPU
		{DFE5F73F-0556-489A-8895-2FE347CE13B9}.Debug|Any CPU.Build.0 = Debug|Any CPU
		{DFE5F73F-0556-489A-8895-2FE347CE13B9}.Release|Any CPU.ActiveCfg = Release|Any CPU
		{DFE5F73F-0556-489A-8895-2FE347CE13B9}.Release|Any CPU.Build.0 = Release|Any CPU
	EndGlobalSection
	GlobalSection(SolutionProperties) = preSolution
		HideSolutionNode = FALSE
	EndGlobalSection
	GlobalSection(ExtensibilityGlobals) = postSolution
		SolutionGuid = {FB551244-134D-4920-9F2A-041DC10E0B3D}
	EndGlobalSection
EndGlobal
